
Microsoft Visual Studio Solution File, Format Version 12.00
# Visual Studio Version 17
VisualStudioVersion = 17.8.34511.84
MinimumVisualStudioVersion = 10.0.40219.1
Project("{FAE04EC0-301F-11D3-BF4B-00C04F79EFBC}") = "Mindbox_Task", "Mindbox_Task\Mindbox_Task.csproj", "{B46D8DD2-BC3C-46E6-ACE1-117DFB381D9C}"
EndProject
Project("{FAE04EC0-301F-11D3-BF4B-00C04F79EFBC}") = "ShapeLib", "ShapeLib\ShapeLib.csproj", "{E7F5A5BA-B366-48E2-B6A6-99187C2F0D40}"
EndProject
Project("{FAE04EC0-301F-11D3-BF4B-00C04F79EFBC}") = "ShapeLib.Tests", "ShapeLib.Tests\ShapeLib.Tests.csproj", "{798584E8-BFE8-4730-84F8-B420979FDCA5}"
EndProject
Global
	GlobalSection(SolutionConfigurationPlatforms) = preSolution
		Debug|Any CPU = Debug|Any CPU
		Release|Any CPU = Release|Any CPU
	EndGlobalSection
	GlobalSection(ProjectConfigurationPlatforms) = postSolution
		{B46D8DD2-BC3C-46E6-ACE1-117DFB381D9C}.Debug|Any CPU.ActiveCfg = Debug|Any CPU
		{B46D8DD2-BC3C-46E6-ACE1-117DFB381D9C}.Debug|Any CPU.Build.0 = Debug|Any CPU
		{B46D8DD2-BC3C-46E6-ACE1-117DFB381D9C}.Release|Any CPU.ActiveCfg = Release|Any CPU
		{B46D8DD2-BC3C-46E6-ACE1-117DFB381D9C}.Release|Any CPU.Build.0 = Release|Any CPU
		{E7F5A5BA-B366-48E2-B6A6-99187C2F0D40}.Debug|Any CPU.ActiveCfg = Debug|Any CPU
		{E7F5A5BA-B366-48E2-B6A6-99187C2F0D40}.Debug|Any CPU.Build.0 = Debug|Any CPU
		{E7F5A5BA-B366-48E2-B6A6-99187C2F0D40}.Release|Any CPU.ActiveCfg = Release|Any CPU
		{E7F5A5BA-B366-48E2-B6A6-99187C2F0D40}.Release|Any CPU.Build.0 = Release|Any CPU
		{798584E8-BFE8-4730-84F8-B420979FDCA5}.Debug|Any CPU.ActiveCfg = Debug|Any CPU
		{798584E8-BFE8-4730-84F8-B420979FDCA5}.Debug|Any CPU.Build.0 = Debug|Any CPU
		{798584E8-BFE8-4730-84F8-B420979FDCA5}.Release|Any CPU.ActiveCfg = Release|Any CPU
		{798584E8-BFE8-4730-84F8-B420979FDCA5}.Release|Any CPU.Build.0 = Release|Any CPU
	EndGlobalSection
	GlobalSection(SolutionProperties) = preSolution
		HideSolutionNode = FALSE
	EndGlobalSection
	GlobalSection(ExtensibilityGlobals) = postSolution
		SolutionGuid = {F9C19C5B-842E-4AC6-9120-8E6932EF5D5B}
	EndGlobalSection
EndGlobal
